
Microsoft Visual Studio Solution File, Format Version 12.00
# Visual Studio Version 17
VisualStudioVersion = 17.5.002.0
MinimumVisualStudioVersion = 10.0.40219.1
Project("{9A19103F-16F7-4668-BE54-9A1E7A4F7556}") = "AppoMobi.Maui.DrawnUi.Demo", "AppoMobi.Maui.DrawnUi.Demo.csproj", "{D43EBD92-DB92-48E9-99DB-1996C7DC8C01}"
EndProject
Global
	GlobalSection(SolutionConfigurationPlatforms) = preSolution
		Debug|Any CPU = Debug|Any CPU
		Release|Any CPU = Release|Any CPU
	EndGlobalSection
	GlobalSection(ProjectConfigurationPlatforms) = postSolution
		{D43EBD92-DB92-48E9-99DB-1996C7DC8C01}.Debug|Any CPU.ActiveCfg = Debug|Any CPU
		{D43EBD92-DB92-48E9-99DB-1996C7DC8C01}.Debug|Any CPU.Build.0 = Debug|Any CPU
		{D43EBD92-DB92-48E9-99DB-1996C7DC8C01}.Release|Any CPU.ActiveCfg = Release|Any CPU
		{D43EBD92-DB92-48E9-99DB-1996C7DC8C01}.Release|Any CPU.Build.0 = Release|Any CPU
	EndGlobalSection
	GlobalSection(SolutionProperties) = preSolution
		HideSolutionNode = FALSE
	EndGlobalSection
	GlobalSection(ExtensibilityGlobals) = postSolution
		SolutionGuid = {01BA6B6B-96EA-4558-81C2-CA2A8FE1F579}
	EndGlobalSection
EndGlobal
